
Microsoft Visual Studio Solution File, Format Version 10.00
# Visual Studio 2008
Project("{FAE04EC0-301F-11D3-BF4B-00C04F79EFBC}") = "colorFilaGRID", "colorFilaGRID\colorFilaGRID.csproj", "{5E950D1E-CDED-4F3B-A548-D7222E7BA395}"
EndProject
Global
	GlobalSection(SolutionConfigurationPlatforms) = preSolution
		Debug|Any CPU = Debug|Any CPU
		Release|Any CPU = Release|Any CPU
	EndGlobalSection
	GlobalSection(ProjectConfigurationPlatforms) = postSolution
		{5E950D1E-CDED-4F3B-A548-D7222E7BA395}.Debug|Any CPU.ActiveCfg = Debug|Any CPU
		{5E950D1E-CDED-4F3B-A548-D7222E7BA395}.Debug|Any CPU.Build.0 = Debug|Any CPU
		{5E950D1E-CDED-4F3B-A548-D7222E7BA395}.Release|Any CPU.ActiveCfg = Release|Any CPU
		{5E950D1E-CDED-4F3B-A548-D7222E7BA395}.Release|Any CPU.Build.0 = Release|Any CPU
	EndGlobalSection
	GlobalSection(SolutionProperties) = preSolution
		HideSolutionNode = FALSE
	EndGlobalSection
EndGlobal
